// !$*UTF8*$!
{
	archiveVersion = 1;
	classes = {
	};
	objectVersion = 54;
	objects = {

/* Begin PBXBuildFile section */
		A621C6C12B3C051300F0E060 /* AppColor.swift in Sources */ = {isa = PBXBuildFile; fileRef = A621C6C02B3C051300F0E060 /* AppColor.swift */; };
		A621C6C92B3C622D00F0E060 /* GitRepositorySortOption.swift in Sources */ = {isa = PBXBuildFile; fileRef = A621C6C82B3C622D00F0E060 /* GitRepositorySortOption.swift */; };
		A621C6CB2B3C654000F0E060 /* GitRepositorySearchQuery.swift in Sources */ = {isa = PBXBuildFile; fileRef = A621C6CA2B3C654000F0E060 /* GitRepositorySearchQuery.swift */; };
		A621C6CF2B3CFDAD00F0E060 /* SearchSettingPopoverViewController.swift in Sources */ = {isa = PBXBuildFile; fileRef = A621C6CE2B3CFDAD00F0E060 /* SearchSettingPopoverViewController.swift */; };
		A621C6D12B3CFDC800F0E060 /* SearchSettingPopoverView.swift in Sources */ = {isa = PBXBuildFile; fileRef = A621C6D02B3CFDC800F0E060 /* SearchSettingPopoverView.swift */; };
		A621C6D32B3CFEF600F0E060 /* SearchSettingPopoverViewElementID.swift in Sources */ = {isa = PBXBuildFile; fileRef = A621C6D22B3CFEF600F0E060 /* SearchSettingPopoverViewElementID.swift */; };
		A621C6D52B3D162600F0E060 /* SearchSettingPopoverViewDelegate.swift in Sources */ = {isa = PBXBuildFile; fileRef = A621C6D42B3D162600F0E060 /* SearchSettingPopoverViewDelegate.swift */; };
		A632347E2B3B14A7000C89C2 /* GitRepositoryDetailViewElementID.swift in Sources */ = {isa = PBXBuildFile; fileRef = A632347D2B3B14A7000C89C2 /* GitRepositoryDetailViewElementID.swift */; };
		A64CCFA62B3B24E500C19CA6 /* GitRepositoryListViewElementID.swift in Sources */ = {isa = PBXBuildFile; fileRef = A691B1222B3B0F6E0002F405 /* GitRepositoryListViewElementID.swift */; };
		A6519E922B382FC100335D24 /* GitRepositoryListPresenter.swift in Sources */ = {isa = PBXBuildFile; fileRef = A6519E912B382FC100335D24 /* GitRepositoryListPresenter.swift */; };
		A6519E942B38300700335D24 /* GitRepositoryListPresenterInput.swift in Sources */ = {isa = PBXBuildFile; fileRef = A6519E932B38300700335D24 /* GitRepositoryListPresenterInput.swift */; };
		A6519E962B38300F00335D24 /* GitRepositoryListPresenterOutput.swift in Sources */ = {isa = PBXBuildFile; fileRef = A6519E952B38300F00335D24 /* GitRepositoryListPresenterOutput.swift */; };
		A6519E9B2B38526800335D24 /* GitRepositoryDetailView.swift in Sources */ = {isa = PBXBuildFile; fileRef = A6519E9A2B38526800335D24 /* GitRepositoryDetailView.swift */; };
		A660E6B32B3915DA00946D63 /* NetworkError.swift in Sources */ = {isa = PBXBuildFile; fileRef = A660E6B22B3915DA00946D63 /* NetworkError.swift */; };
		A697651E2B37C674001B8136 /* Alamofire in Frameworks */ = {isa = PBXBuildFile; productRef = A697651D2B37C674001B8136 /* Alamofire */; };
		A69765212B37C6C2001B8136 /* GitRepository.swift in Sources */ = {isa = PBXBuildFile; fileRef = A69765202B37C6C2001B8136 /* GitRepository.swift */; };
		A69765232B37D094001B8136 /* GitRepositorySearcher.swift in Sources */ = {isa = PBXBuildFile; fileRef = A69765222B37D094001B8136 /* GitRepositorySearcher.swift */; };
		A69765252B37D545001B8136 /* GitRepositoryOwner.swift in Sources */ = {isa = PBXBuildFile; fileRef = A69765242B37D545001B8136 /* GitRepositoryOwner.swift */; };
		A697652A2B37EFF3001B8136 /* ImageFetcher.swift in Sources */ = {isa = PBXBuildFile; fileRef = A69765292B37EFF3001B8136 /* ImageFetcher.swift */; };
		A69D7C5C2B3951CB00DC5637 /* NoResultView.swift in Sources */ = {isa = PBXBuildFile; fileRef = A69D7C5B2B3951CB00DC5637 /* NoResultView.swift */; };
		A69D7C5F2B3A653600DC5637 /* GitRepositorySearcherProtocol.swift in Sources */ = {isa = PBXBuildFile; fileRef = A69D7C5E2B3A653600DC5637 /* GitRepositorySearcherProtocol.swift */; };
		A69D7C612B3A65A500DC5637 /* GitRepositorySearchResult.swift in Sources */ = {isa = PBXBuildFile; fileRef = A69D7C602B3A65A500DC5637 /* GitRepositorySearchResult.swift */; };
		A69D7C642B3A865400DC5637 /* GitRepositorySearcherTests.swift in Sources */ = {isa = PBXBuildFile; fileRef = A69D7C632B3A865400DC5637 /* GitRepositorySearcherTests.swift */; };
		A6E9BEC72B3A9FA400DF0701 /* MockGitRepositorySearcher.swift in Sources */ = {isa = PBXBuildFile; fileRef = A6E9BEC62B3A9FA400DF0701 /* MockGitRepositorySearcher.swift */; };
		A6E9BECA2B3AA04100DF0701 /* MockGitRepositoryListViewController.swift in Sources */ = {isa = PBXBuildFile; fileRef = A6E9BEC92B3AA04100DF0701 /* MockGitRepositoryListViewController.swift */; };
		A6E9BECC2B3AA24700DF0701 /* GitRepositoryListPresenterTests.swift in Sources */ = {isa = PBXBuildFile; fileRef = A6E9BECB2B3AA24700DF0701 /* GitRepositoryListPresenterTests.swift */; };
		A6E9BECF2B3AA47900DF0701 /* DummyGitRepositoryMaker.swift in Sources */ = {isa = PBXBuildFile; fileRef = A6E9BECE2B3AA47900DF0701 /* DummyGitRepositoryMaker.swift */; };
		BF0A658D244F2A3B00280FA6 /* GitRepositoryDetailViewController.swift in Sources */ = {isa = PBXBuildFile; fileRef = BF0A658C244F2A3B00280FA6 /* GitRepositoryDetailViewController.swift */; };
		BFD945DF244DC5E80012785A /* AppDelegate.swift in Sources */ = {isa = PBXBuildFile; fileRef = BFD945DE244DC5E80012785A /* AppDelegate.swift */; };
		BFD945E1244DC5E80012785A /* SceneDelegate.swift in Sources */ = {isa = PBXBuildFile; fileRef = BFD945E0244DC5E80012785A /* SceneDelegate.swift */; };
		BFD945E3244DC5E80012785A /* GitRepositoryListViewController.swift in Sources */ = {isa = PBXBuildFile; fileRef = BFD945E2244DC5E80012785A /* GitRepositoryListViewController.swift */; };
		BFD945E8244DC5EB0012785A /* Assets.xcassets in Resources */ = {isa = PBXBuildFile; fileRef = BFD945E7244DC5EB0012785A /* Assets.xcassets */; };
		BFD945EB244DC5EB0012785A /* LaunchScreen.storyboard in Resources */ = {isa = PBXBuildFile; fileRef = BFD945E9244DC5EB0012785A /* LaunchScreen.storyboard */; };
		BFD94601244DC5EC0012785A /* iOSEngineerCodeCheckUITests.swift in Sources */ = {isa = PBXBuildFile; fileRef = BFD94600244DC5EC0012785A /* iOSEngineerCodeCheckUITests.swift */; };
/* End PBXBuildFile section */

/* Begin PBXContainerItemProxy section */
		BFD945F2244DC5EB0012785A /* PBXContainerItemProxy */ = {
			isa = PBXContainerItemProxy;
			containerPortal = BFD945D3244DC5E80012785A /* Project object */;
			proxyType = 1;
			remoteGlobalIDString = BFD945DA244DC5E80012785A;
			remoteInfo = iOSEngineerCodeCheck;
		};
		BFD945FD244DC5EB0012785A /* PBXContainerItemProxy */ = {
			isa = PBXContainerItemProxy;
			containerPortal = BFD945D3244DC5E80012785A /* Project object */;
			proxyType = 1;
			remoteGlobalIDString = BFD945DA244DC5E80012785A;
			remoteInfo = iOSEngineerCodeCheck;
		};
/* End PBXContainerItemProxy section */

/* Begin PBXFileReference section */
		A621C6C02B3C051300F0E060 /* AppColor.swift */ = {isa = PBXFileReference; lastKnownFileType = sourcecode.swift; path = AppColor.swift; sourceTree = "<group>"; };
		A621C6C82B3C622D00F0E060 /* GitRepositorySortOption.swift */ = {isa = PBXFileReference; lastKnownFileType = sourcecode.swift; path = GitRepositorySortOption.swift; sourceTree = "<group>"; };
		A621C6CA2B3C654000F0E060 /* GitRepositorySearchQuery.swift */ = {isa = PBXFileReference; lastKnownFileType = sourcecode.swift; path = GitRepositorySearchQuery.swift; sourceTree = "<group>"; };
		A621C6CE2B3CFDAD00F0E060 /* SearchSettingPopoverViewController.swift */ = {isa = PBXFileReference; lastKnownFileType = sourcecode.swift; path = SearchSettingPopoverViewController.swift; sourceTree = "<group>"; };
		A621C6D02B3CFDC800F0E060 /* SearchSettingPopoverView.swift */ = {isa = PBXFileReference; lastKnownFileType = sourcecode.swift; path = SearchSettingPopoverView.swift; sourceTree = "<group>"; };
		A621C6D22B3CFEF600F0E060 /* SearchSettingPopoverViewElementID.swift */ = {isa = PBXFileReference; lastKnownFileType = sourcecode.swift; path = SearchSettingPopoverViewElementID.swift; sourceTree = "<group>"; };
		A621C6D42B3D162600F0E060 /* SearchSettingPopoverViewDelegate.swift */ = {isa = PBXFileReference; lastKnownFileType = sourcecode.swift; path = SearchSettingPopoverViewDelegate.swift; sourceTree = "<group>"; };
		A632347D2B3B14A7000C89C2 /* GitRepositoryDetailViewElementID.swift */ = {isa = PBXFileReference; lastKnownFileType = sourcecode.swift; path = GitRepositoryDetailViewElementID.swift; sourceTree = "<group>"; };
		A6519E912B382FC100335D24 /* GitRepositoryListPresenter.swift */ = {isa = PBXFileReference; lastKnownFileType = sourcecode.swift; path = GitRepositoryListPresenter.swift; sourceTree = "<group>"; };
		A6519E932B38300700335D24 /* GitRepositoryListPresenterInput.swift */ = {isa = PBXFileReference; lastKnownFileType = sourcecode.swift; path = GitRepositoryListPresenterInput.swift; sourceTree = "<group>"; };
		A6519E952B38300F00335D24 /* GitRepositoryListPresenterOutput.swift */ = {isa = PBXFileReference; lastKnownFileType = sourcecode.swift; path = GitRepositoryListPresenterOutput.swift; sourceTree = "<group>"; };
		A6519E9A2B38526800335D24 /* GitRepositoryDetailView.swift */ = {isa = PBXFileReference; lastKnownFileType = sourcecode.swift; path = GitRepositoryDetailView.swift; sourceTree = "<group>"; };
		A660E6B22B3915DA00946D63 /* NetworkError.swift */ = {isa = PBXFileReference; lastKnownFileType = sourcecode.swift; path = NetworkError.swift; sourceTree = "<group>"; };
		A691B1222B3B0F6E0002F405 /* GitRepositoryListViewElementID.swift */ = {isa = PBXFileReference; lastKnownFileType = sourcecode.swift; path = GitRepositoryListViewElementID.swift; sourceTree = "<group>"; };
		A69765202B37C6C2001B8136 /* GitRepository.swift */ = {isa = PBXFileReference; lastKnownFileType = sourcecode.swift; path = GitRepository.swift; sourceTree = "<group>"; };
		A69765222B37D094001B8136 /* GitRepositorySearcher.swift */ = {isa = PBXFileReference; lastKnownFileType = sourcecode.swift; path = GitRepositorySearcher.swift; sourceTree = "<group>"; };
		A69765242B37D545001B8136 /* GitRepositoryOwner.swift */ = {isa = PBXFileReference; lastKnownFileType = sourcecode.swift; path = GitRepositoryOwner.swift; sourceTree = "<group>"; };
		A69765292B37EFF3001B8136 /* ImageFetcher.swift */ = {isa = PBXFileReference; lastKnownFileType = sourcecode.swift; path = ImageFetcher.swift; sourceTree = "<group>"; };
		A69D7C5B2B3951CB00DC5637 /* NoResultView.swift */ = {isa = PBXFileReference; lastKnownFileType = sourcecode.swift; path = NoResultView.swift; sourceTree = "<group>"; };
		A69D7C5E2B3A653600DC5637 /* GitRepositorySearcherProtocol.swift */ = {isa = PBXFileReference; lastKnownFileType = sourcecode.swift; path = GitRepositorySearcherProtocol.swift; sourceTree = "<group>"; };
		A69D7C602B3A65A500DC5637 /* GitRepositorySearchResult.swift */ = {isa = PBXFileReference; lastKnownFileType = sourcecode.swift; path = GitRepositorySearchResult.swift; sourceTree = "<group>"; };
		A69D7C632B3A865400DC5637 /* GitRepositorySearcherTests.swift */ = {isa = PBXFileReference; lastKnownFileType = sourcecode.swift; path = GitRepositorySearcherTests.swift; sourceTree = "<group>"; };
		A6E9BEC62B3A9FA400DF0701 /* MockGitRepositorySearcher.swift */ = {isa = PBXFileReference; lastKnownFileType = sourcecode.swift; path = MockGitRepositorySearcher.swift; sourceTree = "<group>"; };
		A6E9BEC92B3AA04100DF0701 /* MockGitRepositoryListViewController.swift */ = {isa = PBXFileReference; lastKnownFileType = sourcecode.swift; path = MockGitRepositoryListViewController.swift; sourceTree = "<group>"; };
		A6E9BECB2B3AA24700DF0701 /* GitRepositoryListPresenterTests.swift */ = {isa = PBXFileReference; lastKnownFileType = sourcecode.swift; path = GitRepositoryListPresenterTests.swift; sourceTree = "<group>"; };
		A6E9BECE2B3AA47900DF0701 /* DummyGitRepositoryMaker.swift */ = {isa = PBXFileReference; lastKnownFileType = sourcecode.swift; path = DummyGitRepositoryMaker.swift; sourceTree = "<group>"; };
		BF0A658C244F2A3B00280FA6 /* GitRepositoryDetailViewController.swift */ = {isa = PBXFileReference; lastKnownFileType = sourcecode.swift; path = GitRepositoryDetailViewController.swift; sourceTree = "<group>"; };
		BFD945DB244DC5E80012785A /* iOSEngineerCodeCheck.app */ = {isa = PBXFileReference; explicitFileType = wrapper.application; includeInIndex = 0; path = iOSEngineerCodeCheck.app; sourceTree = BUILT_PRODUCTS_DIR; };
		BFD945DE244DC5E80012785A /* AppDelegate.swift */ = {isa = PBXFileReference; lastKnownFileType = sourcecode.swift; path = AppDelegate.swift; sourceTree = "<group>"; };
		BFD945E0244DC5E80012785A /* SceneDelegate.swift */ = {isa = PBXFileReference; lastKnownFileType = sourcecode.swift; path = SceneDelegate.swift; sourceTree = "<group>"; };
		BFD945E2244DC5E80012785A /* GitRepositoryListViewController.swift */ = {isa = PBXFileReference; lastKnownFileType = sourcecode.swift; path = GitRepositoryListViewController.swift; sourceTree = "<group>"; };
		BFD945E7244DC5EB0012785A /* Assets.xcassets */ = {isa = PBXFileReference; lastKnownFileType = folder.assetcatalog; path = Assets.xcassets; sourceTree = "<group>"; };
		BFD945EA244DC5EB0012785A /* Base */ = {isa = PBXFileReference; lastKnownFileType = file.storyboard; name = Base; path = Base.lproj/LaunchScreen.storyboard; sourceTree = "<group>"; };
		BFD945EC244DC5EB0012785A /* Info.plist */ = {isa = PBXFileReference; lastKnownFileType = text.plist.xml; path = Info.plist; sourceTree = "<group>"; };
		BFD945F1244DC5EB0012785A /* iOSEngineerCodeCheckTests.xctest */ = {isa = PBXFileReference; explicitFileType = wrapper.cfbundle; includeInIndex = 0; path = iOSEngineerCodeCheckTests.xctest; sourceTree = BUILT_PRODUCTS_DIR; };
		BFD945F7244DC5EB0012785A /* Info.plist */ = {isa = PBXFileReference; lastKnownFileType = text.plist.xml; path = Info.plist; sourceTree = "<group>"; };
		BFD945FC244DC5EB0012785A /* iOSEngineerCodeCheckUITests.xctest */ = {isa = PBXFileReference; explicitFileType = wrapper.cfbundle; includeInIndex = 0; path = iOSEngineerCodeCheckUITests.xctest; sourceTree = BUILT_PRODUCTS_DIR; };
		BFD94600244DC5EC0012785A /* iOSEngineerCodeCheckUITests.swift */ = {isa = PBXFileReference; lastKnownFileType = sourcecode.swift; path = iOSEngineerCodeCheckUITests.swift; sourceTree = "<group>"; };
		BFD94602244DC5EC0012785A /* Info.plist */ = {isa = PBXFileReference; lastKnownFileType = text.plist.xml; path = Info.plist; sourceTree = "<group>"; };
/* End PBXFileReference section */

/* Begin PBXFrameworksBuildPhase section */
		BFD945D8244DC5E80012785A /* Frameworks */ = {
			isa = PBXFrameworksBuildPhase;
			buildActionMask = 2147483647;
			files = (
				A697651E2B37C674001B8136 /* Alamofire in Frameworks */,
			);
			runOnlyForDeploymentPostprocessing = 0;
		};
		BFD945EE244DC5EB0012785A /* Frameworks */ = {
			isa = PBXFrameworksBuildPhase;
			buildActionMask = 2147483647;
			files = (
			);
			runOnlyForDeploymentPostprocessing = 0;
		};
		BFD945F9244DC5EB0012785A /* Frameworks */ = {
			isa = PBXFrameworksBuildPhase;
			buildActionMask = 2147483647;
			files = (
			);
			runOnlyForDeploymentPostprocessing = 0;
		};
/* End PBXFrameworksBuildPhase section */

/* Begin PBXGroup section */
		A621C6C72B3C61DF00F0E060 /* APIQuery */ = {
			isa = PBXGroup;
			children = (
				A621C6CA2B3C654000F0E060 /* GitRepositorySearchQuery.swift */,
				A621C6C82B3C622D00F0E060 /* GitRepositorySortOption.swift */,
			);
			path = APIQuery;
			sourceTree = "<group>";
		};
		A621C6CD2B3CFD8D00F0E060 /* SearchSettingPopoverView */ = {
			isa = PBXGroup;
			children = (
				A621C6CE2B3CFDAD00F0E060 /* SearchSettingPopoverViewController.swift */,
				A621C6D02B3CFDC800F0E060 /* SearchSettingPopoverView.swift */,
				A621C6D42B3D162600F0E060 /* SearchSettingPopoverViewDelegate.swift */,
				A621C6D22B3CFEF600F0E060 /* SearchSettingPopoverViewElementID.swift */,
			);
			path = SearchSettingPopoverView;
			sourceTree = "<group>";
		};
		A6519E902B382E3800335D24 /* GitRepositoryListView */ = {
			isa = PBXGroup;
			children = (
				BFD945E2244DC5E80012785A /* GitRepositoryListViewController.swift */,
				A6519E932B38300700335D24 /* GitRepositoryListPresenterInput.swift */,
				A6519E912B382FC100335D24 /* GitRepositoryListPresenter.swift */,
				A6519E952B38300F00335D24 /* GitRepositoryListPresenterOutput.swift */,
				A691B1222B3B0F6E0002F405 /* GitRepositoryListViewElementID.swift */,
			);
			path = GitRepositoryListView;
			sourceTree = "<group>";
		};
		A6519E972B38516600335D24 /* GitRepositoryDetailView */ = {
			isa = PBXGroup;
			children = (
				BF0A658C244F2A3B00280FA6 /* GitRepositoryDetailViewController.swift */,
				A6519E9A2B38526800335D24 /* GitRepositoryDetailView.swift */,
				A632347D2B3B14A7000C89C2 /* GitRepositoryDetailViewElementID.swift */,
			);
			path = GitRepositoryDetailView;
			sourceTree = "<group>";
		};
		A697651F2B37C6B6001B8136 /* Model */ = {
			isa = PBXGroup;
			children = (
				A69765262B37D957001B8136 /* Entity */,
				A69D7C622B3A667600DC5637 /* Error */,
				A621C6C72B3C61DF00F0E060 /* APIQuery */,
				A69765272B37D9CA001B8136 /* Service */,
			);
			path = Model;
			sourceTree = "<group>";
		};
		A69765262B37D957001B8136 /* Entity */ = {
			isa = PBXGroup;
			children = (
				A69765202B37C6C2001B8136 /* GitRepository.swift */,
				A69765242B37D545001B8136 /* GitRepositoryOwner.swift */,
				A69D7C602B3A65A500DC5637 /* GitRepositorySearchResult.swift */,
			);
			path = Entity;
			sourceTree = "<group>";
		};
		A69765272B37D9CA001B8136 /* Service */ = {
			isa = PBXGroup;
			children = (
				A69D7C5E2B3A653600DC5637 /* GitRepositorySearcherProtocol.swift */,
				A69765222B37D094001B8136 /* GitRepositorySearcher.swift */,
				A69765292B37EFF3001B8136 /* ImageFetcher.swift */,
			);
			path = Service;
			sourceTree = "<group>";
		};
		A69D7C5A2B39518E00DC5637 /* View */ = {
			isa = PBXGroup;
			children = (
				A69D7C5B2B3951CB00DC5637 /* NoResultView.swift */,
			);
			path = View;
			sourceTree = "<group>";
		};
		A69D7C622B3A667600DC5637 /* Error */ = {
			isa = PBXGroup;
			children = (
				A660E6B22B3915DA00946D63 /* NetworkError.swift */,
			);
			path = Error;
			sourceTree = "<group>";
		};
		A6E9BEC42B3A9F8D00DF0701 /* Dummy */ = {
			isa = PBXGroup;
			children = (
				A6E9BECD2B3AA3AB00DF0701 /* EntityMaker */,
				A6E9BEC52B3A9F9200DF0701 /* Model */,
				A6E9BEC82B3A9FD500DF0701 /* View */,
			);
			path = Dummy;
			sourceTree = "<group>";
		};
		A6E9BEC52B3A9F9200DF0701 /* Model */ = {
			isa = PBXGroup;
			children = (
				A6E9BEC62B3A9FA400DF0701 /* MockGitRepositorySearcher.swift */,
			);
			path = Model;
			sourceTree = "<group>";
		};
		A6E9BEC82B3A9FD500DF0701 /* View */ = {
			isa = PBXGroup;
			children = (
				A6E9BEC92B3AA04100DF0701 /* MockGitRepositoryListViewController.swift */,
			);
			path = View;
			sourceTree = "<group>";
		};
		A6E9BECD2B3AA3AB00DF0701 /* EntityMaker */ = {
			isa = PBXGroup;
			children = (
				A6E9BECE2B3AA47900DF0701 /* DummyGitRepositoryMaker.swift */,
			);
			path = EntityMaker;
			sourceTree = "<group>";
		};
		BFD945D2244DC5E80012785A = {
			isa = PBXGroup;
			children = (
				BFD945DD244DC5E80012785A /* iOSEngineerCodeCheck */,
				BFD945F4244DC5EB0012785A /* iOSEngineerCodeCheckTests */,
				BFD945FF244DC5EB0012785A /* iOSEngineerCodeCheckUITests */,
				BFD945DC244DC5E80012785A /* Products */,
			);
			sourceTree = "<group>";
		};
		BFD945DC244DC5E80012785A /* Products */ = {
			isa = PBXGroup;
			children = (
				BFD945DB244DC5E80012785A /* iOSEngineerCodeCheck.app */,
				BFD945F1244DC5EB0012785A /* iOSEngineerCodeCheckTests.xctest */,
				BFD945FC244DC5EB0012785A /* iOSEngineerCodeCheckUITests.xctest */,
			);
			name = Products;
			sourceTree = "<group>";
		};
		BFD945DD244DC5E80012785A /* iOSEngineerCodeCheck */ = {
			isa = PBXGroup;
			children = (
				A697651F2B37C6B6001B8136 /* Model */,
				A69D7C5A2B39518E00DC5637 /* View */,
				A6519E902B382E3800335D24 /* GitRepositoryListView */,
				A621C6CD2B3CFD8D00F0E060 /* SearchSettingPopoverView */,
				A6519E972B38516600335D24 /* GitRepositoryDetailView */,
				BFD945DE244DC5E80012785A /* AppDelegate.swift */,
				BFD945E0244DC5E80012785A /* SceneDelegate.swift */,
				A621C6C02B3C051300F0E060 /* AppColor.swift */,
				BFD945E7244DC5EB0012785A /* Assets.xcassets */,
				BFD945E9244DC5EB0012785A /* LaunchScreen.storyboard */,
				BFD945EC244DC5EB0012785A /* Info.plist */,
			);
			path = iOSEngineerCodeCheck;
			sourceTree = "<group>";
		};
		BFD945F4244DC5EB0012785A /* iOSEngineerCodeCheckTests */ = {
			isa = PBXGroup;
			children = (
				A6E9BEC42B3A9F8D00DF0701 /* Dummy */,
				A69D7C632B3A865400DC5637 /* GitRepositorySearcherTests.swift */,
				A6E9BECB2B3AA24700DF0701 /* GitRepositoryListPresenterTests.swift */,
				BFD945F7244DC5EB0012785A /* Info.plist */,
			);
			path = iOSEngineerCodeCheckTests;
			sourceTree = "<group>";
		};
		BFD945FF244DC5EB0012785A /* iOSEngineerCodeCheckUITests */ = {
			isa = PBXGroup;
			children = (
				BFD94600244DC5EC0012785A /* iOSEngineerCodeCheckUITests.swift */,
				BFD94602244DC5EC0012785A /* Info.plist */,
			);
			path = iOSEngineerCodeCheckUITests;
			sourceTree = "<group>";
		};
/* End PBXGroup section */

/* Begin PBXNativeTarget section */
		BFD945DA244DC5E80012785A /* iOSEngineerCodeCheck */ = {
			isa = PBXNativeTarget;
			buildConfigurationList = BFD94605244DC5EC0012785A /* Build configuration list for PBXNativeTarget "iOSEngineerCodeCheck" */;
			buildPhases = (
				BFD945D7244DC5E80012785A /* Sources */,
				BFD945D8244DC5E80012785A /* Frameworks */,
				BFD945D9244DC5E80012785A /* Resources */,
			);
			buildRules = (
			);
			dependencies = (
				A695B62B2B37B7930059B78D /* PBXTargetDependency */,
			);
			name = iOSEngineerCodeCheck;
			packageProductDependencies = (
				A697651D2B37C674001B8136 /* Alamofire */,
			);
			productName = iOSEngineerCodeCheck;
			productReference = BFD945DB244DC5E80012785A /* iOSEngineerCodeCheck.app */;
			productType = "com.apple.product-type.application";
		};
		BFD945F0244DC5EB0012785A /* iOSEngineerCodeCheckTests */ = {
			isa = PBXNativeTarget;
			buildConfigurationList = BFD94608244DC5EC0012785A /* Build configuration list for PBXNativeTarget "iOSEngineerCodeCheckTests" */;
			buildPhases = (
				BFD945ED244DC5EB0012785A /* Sources */,
				BFD945EE244DC5EB0012785A /* Frameworks */,
				BFD945EF244DC5EB0012785A /* Resources */,
			);
			buildRules = (
			);
			dependencies = (
				BFD945F3244DC5EB0012785A /* PBXTargetDependency */,
			);
			name = iOSEngineerCodeCheckTests;
			productName = iOSEngineerCodeCheckTests;
			productReference = BFD945F1244DC5EB0012785A /* iOSEngineerCodeCheckTests.xctest */;
			productType = "com.apple.product-type.bundle.unit-test";
		};
		BFD945FB244DC5EB0012785A /* iOSEngineerCodeCheckUITests */ = {
			isa = PBXNativeTarget;
			buildConfigurationList = BFD9460B244DC5EC0012785A /* Build configuration list for PBXNativeTarget "iOSEngineerCodeCheckUITests" */;
			buildPhases = (
				BFD945F8244DC5EB0012785A /* Sources */,
				BFD945F9244DC5EB0012785A /* Frameworks */,
				BFD945FA244DC5EB0012785A /* Resources */,
			);
			buildRules = (
			);
			dependencies = (
				BFD945FE244DC5EB0012785A /* PBXTargetDependency */,
			);
			name = iOSEngineerCodeCheckUITests;
			productName = iOSEngineerCodeCheckUITests;
			productReference = BFD945FC244DC5EB0012785A /* iOSEngineerCodeCheckUITests.xctest */;
			productType = "com.apple.product-type.bundle.ui-testing";
		};
/* End PBXNativeTarget section */

/* Begin PBXProject section */
		BFD945D3244DC5E80012785A /* Project object */ = {
			isa = PBXProject;
			attributes = {
				BuildIndependentTargetsInParallel = YES;
				LastSwiftUpdateCheck = 1300;
				LastUpgradeCheck = 1510;
				ORGANIZATIONNAME = "YUMEMI Inc.";
				TargetAttributes = {
					BFD945DA244DC5E80012785A = {
						CreatedOnToolsVersion = 11.4.1;
					};
					BFD945F0244DC5EB0012785A = {
						CreatedOnToolsVersion = 11.4.1;
						TestTargetID = BFD945DA244DC5E80012785A;
					};
					BFD945FB244DC5EB0012785A = {
						CreatedOnToolsVersion = 11.4.1;
						TestTargetID = BFD945DA244DC5E80012785A;
					};
				};
			};
			buildConfigurationList = BFD945D6244DC5E80012785A /* Build configuration list for PBXProject "iOSEngineerCodeCheck" */;
			compatibilityVersion = "Xcode 9.3";
			developmentRegion = en;
			hasScannedForEncodings = 0;
			knownRegions = (
				en,
				Base,
			);
			mainGroup = BFD945D2244DC5E80012785A;
			packageReferences = (
				A695B6292B37B6E10059B78D /* XCRemoteSwiftPackageReference "SwiftLint" */,
				A697651C2B37C674001B8136 /* XCRemoteSwiftPackageReference "Alamofire" */,
			);
			productRefGroup = BFD945DC244DC5E80012785A /* Products */;
			projectDirPath = "";
			projectRoot = "";
			targets = (
				BFD945DA244DC5E80012785A /* iOSEngineerCodeCheck */,
				BFD945F0244DC5EB0012785A /* iOSEngineerCodeCheckTests */,
				BFD945FB244DC5EB0012785A /* iOSEngineerCodeCheckUITests */,
			);
		};
/* End PBXProject section */

/* Begin PBXResourcesBuildPhase section */
		BFD945D9244DC5E80012785A /* Resources */ = {
			isa = PBXResourcesBuildPhase;
			buildActionMask = 2147483647;
			files = (
				BFD945EB244DC5EB0012785A /* LaunchScreen.storyboard in Resources */,
				BFD945E8244DC5EB0012785A /* Assets.xcassets in Resources */,
			);
			runOnlyForDeploymentPostprocessing = 0;
		};
		BFD945EF244DC5EB0012785A /* Resources */ = {
			isa = PBXResourcesBuildPhase;
			buildActionMask = 2147483647;
			files = (
			);
			runOnlyForDeploymentPostprocessing = 0;
		};
		BFD945FA244DC5EB0012785A /* Resources */ = {
			isa = PBXResourcesBuildPhase;
			buildActionMask = 2147483647;
			files = (
			);
			runOnlyForDeploymentPostprocessing = 0;
		};
/* End PBXResourcesBuildPhase section */

/* Begin PBXSourcesBuildPhase section */
		BFD945D7244DC5E80012785A /* Sources */ = {
			isa = PBXSourcesBuildPhase;
			buildActionMask = 2147483647;
			files = (
				BFD945E3244DC5E80012785A /* GitRepositoryListViewController.swift in Sources */,
				A621C6C92B3C622D00F0E060 /* GitRepositorySortOption.swift in Sources */,
				A621C6D52B3D162600F0E060 /* SearchSettingPopoverViewDelegate.swift in Sources */,
				A69765212B37C6C2001B8136 /* GitRepository.swift in Sources */,
				A621C6D32B3CFEF600F0E060 /* SearchSettingPopoverViewElementID.swift in Sources */,
				A621C6D12B3CFDC800F0E060 /* SearchSettingPopoverView.swift in Sources */,
				A6519E9B2B38526800335D24 /* GitRepositoryDetailView.swift in Sources */,
				A621C6CB2B3C654000F0E060 /* GitRepositorySearchQuery.swift in Sources */,
				A632347E2B3B14A7000C89C2 /* GitRepositoryDetailViewElementID.swift in Sources */,
				A69D7C612B3A65A500DC5637 /* GitRepositorySearchResult.swift in Sources */,
				BF0A658D244F2A3B00280FA6 /* GitRepositoryDetailViewController.swift in Sources */,
				A69D7C5C2B3951CB00DC5637 /* NoResultView.swift in Sources */,
				A6519E922B382FC100335D24 /* GitRepositoryListPresenter.swift in Sources */,
				BFD945DF244DC5E80012785A /* AppDelegate.swift in Sources */,
				A64CCFA62B3B24E500C19CA6 /* GitRepositoryListViewElementID.swift in Sources */,
				A69765252B37D545001B8136 /* GitRepositoryOwner.swift in Sources */,
				A621C6CF2B3CFDAD00F0E060 /* SearchSettingPopoverViewController.swift in Sources */,
				A69765232B37D094001B8136 /* GitRepositorySearcher.swift in Sources */,
				BFD945E1244DC5E80012785A /* SceneDelegate.swift in Sources */,
				A6519E942B38300700335D24 /* GitRepositoryListPresenterInput.swift in Sources */,
				A69D7C5F2B3A653600DC5637 /* GitRepositorySearcherProtocol.swift in Sources */,
				A697652A2B37EFF3001B8136 /* ImageFetcher.swift in Sources */,
				A6519E962B38300F00335D24 /* GitRepositoryListPresenterOutput.swift in Sources */,
				A660E6B32B3915DA00946D63 /* NetworkError.swift in Sources */,
				A621C6C12B3C051300F0E060 /* AppColor.swift in Sources */,
			);
			runOnlyForDeploymentPostprocessing = 0;
		};
		BFD945ED244DC5EB0012785A /* Sources */ = {
			isa = PBXSourcesBuildPhase;
			buildActionMask = 2147483647;
			files = (
				A6E9BECF2B3AA47900DF0701 /* DummyGitRepositoryMaker.swift in Sources */,
				A69D7C642B3A865400DC5637 /* GitRepositorySearcherTests.swift in Sources */,
				A6E9BECA2B3AA04100DF0701 /* MockGitRepositoryListViewController.swift in Sources */,
				A6E9BEC72B3A9FA400DF0701 /* MockGitRepositorySearcher.swift in Sources */,
				A6E9BECC2B3AA24700DF0701 /* GitRepositoryListPresenterTests.swift in Sources */,
			);
			runOnlyForDeploymentPostprocessing = 0;
		};
		BFD945F8244DC5EB0012785A /* Sources */ = {
			isa = PBXSourcesBuildPhase;
			buildActionMask = 2147483647;
			files = (
				BFD94601244DC5EC0012785A /* iOSEngineerCodeCheckUITests.swift in Sources */,
			);
			runOnlyForDeploymentPostprocessing = 0;
		};
/* End PBXSourcesBuildPhase section */

/* Begin PBXTargetDependency section */
		A695B62B2B37B7930059B78D /* PBXTargetDependency */ = {
			isa = PBXTargetDependency;
			productRef = A695B62A2B37B7930059B78D /* SwiftLintPlugin */;
		};
		BFD945F3244DC5EB0012785A /* PBXTargetDependency */ = {
			isa = PBXTargetDependency;
			target = BFD945DA244DC5E80012785A /* iOSEngineerCodeCheck */;
			targetProxy = BFD945F2244DC5EB0012785A /* PBXContainerItemProxy */;
		};
		BFD945FE244DC5EB0012785A /* PBXTargetDependency */ = {
			isa = PBXTargetDependency;
			target = BFD945DA244DC5E80012785A /* iOSEngineerCodeCheck */;
			targetProxy = BFD945FD244DC5EB0012785A /* PBXContainerItemProxy */;
		};
/* End PBXTargetDependency section */

/* Begin PBXVariantGroup section */
		BFD945E9244DC5EB0012785A /* LaunchScreen.storyboard */ = {
			isa = PBXVariantGroup;
			children = (
				BFD945EA244DC5EB0012785A /* Base */,
			);
			name = LaunchScreen.storyboard;
			sourceTree = "<group>";
		};
/* End PBXVariantGroup section */

/* Begin XCBuildConfiguration section */
		BFD94603244DC5EC0012785A /* Debug */ = {
			isa = XCBuildConfiguration;
			buildSettings = {
				ALWAYS_SEARCH_USER_PATHS = NO;
				CLANG_ANALYZER_NONNULL = YES;
				CLANG_ANALYZER_NUMBER_OBJECT_CONVERSION = YES_AGGRESSIVE;
				CLANG_CXX_LANGUAGE_STANDARD = "gnu++14";
				CLANG_CXX_LIBRARY = "libc++";
				CLANG_ENABLE_MODULES = YES;
				CLANG_ENABLE_OBJC_ARC = YES;
				CLANG_ENABLE_OBJC_WEAK = YES;
				CLANG_WARN_BLOCK_CAPTURE_AUTORELEASING = YES;
				CLANG_WARN_BOOL_CONVERSION = YES;
				CLANG_WARN_COMMA = YES;
				CLANG_WARN_CONSTANT_CONVERSION = YES;
				CLANG_WARN_DEPRECATED_OBJC_IMPLEMENTATIONS = YES;
				CLANG_WARN_DIRECT_OBJC_ISA_USAGE = YES_ERROR;
				CLANG_WARN_DOCUMENTATION_COMMENTS = YES;
				CLANG_WARN_EMPTY_BODY = YES;
				CLANG_WARN_ENUM_CONVERSION = YES;
				CLANG_WARN_INFINITE_RECURSION = YES;
				CLANG_WARN_INT_CONVERSION = YES;
				CLANG_WARN_NON_LITERAL_NULL_CONVERSION = YES;
				CLANG_WARN_OBJC_IMPLICIT_RETAIN_SELF = YES;
				CLANG_WARN_OBJC_LITERAL_CONVERSION = YES;
				CLANG_WARN_OBJC_ROOT_CLASS = YES_ERROR;
				CLANG_WARN_QUOTED_INCLUDE_IN_FRAMEWORK_HEADER = YES;
				CLANG_WARN_RANGE_LOOP_ANALYSIS = YES;
				CLANG_WARN_STRICT_PROTOTYPES = YES;
				CLANG_WARN_SUSPICIOUS_MOVE = YES;
				CLANG_WARN_UNGUARDED_AVAILABILITY = YES_AGGRESSIVE;
				CLANG_WARN_UNREACHABLE_CODE = YES;
				CLANG_WARN__DUPLICATE_METHOD_MATCH = YES;
				COPY_PHASE_STRIP = NO;
				DEBUG_INFORMATION_FORMAT = dwarf;
				ENABLE_STRICT_OBJC_MSGSEND = YES;
				ENABLE_TESTABILITY = YES;
				ENABLE_USER_SCRIPT_SANDBOXING = YES;
				GCC_C_LANGUAGE_STANDARD = gnu11;
				GCC_DYNAMIC_NO_PIC = NO;
				GCC_NO_COMMON_BLOCKS = YES;
				GCC_OPTIMIZATION_LEVEL = 0;
				GCC_PREPROCESSOR_DEFINITIONS = (
					"DEBUG=1",
					"$(inherited)",
				);
				GCC_WARN_64_TO_32_BIT_CONVERSION = YES;
				GCC_WARN_ABOUT_RETURN_TYPE = YES_ERROR;
				GCC_WARN_UNDECLARED_SELECTOR = YES;
				GCC_WARN_UNINITIALIZED_AUTOS = YES_AGGRESSIVE;
				GCC_WARN_UNUSED_FUNCTION = YES;
				GCC_WARN_UNUSED_VARIABLE = YES;
				IPHONEOS_DEPLOYMENT_TARGET = 17.2;
				MTL_ENABLE_DEBUG_INFO = INCLUDE_SOURCE;
				MTL_FAST_MATH = YES;
				ONLY_ACTIVE_ARCH = YES;
				SDKROOT = iphoneos;
				SWIFT_ACTIVE_COMPILATION_CONDITIONS = DEBUG;
				SWIFT_OPTIMIZATION_LEVEL = "-Onone";
			};
			name = Debug;
		};
		BFD94604244DC5EC0012785A /* Release */ = {
			isa = XCBuildConfiguration;
			buildSettings = {
				ALWAYS_SEARCH_USER_PATHS = NO;
				CLANG_ANALYZER_NONNULL = YES;
				CLANG_ANALYZER_NUMBER_OBJECT_CONVERSION = YES_AGGRESSIVE;
				CLANG_CXX_LANGUAGE_STANDARD = "gnu++14";
				CLANG_CXX_LIBRARY = "libc++";
				CLANG_ENABLE_MODULES = YES;
				CLANG_ENABLE_OBJC_ARC = YES;
				CLANG_ENABLE_OBJC_WEAK = YES;
				CLANG_WARN_BLOCK_CAPTURE_AUTORELEASING = YES;
				CLANG_WARN_BOOL_CONVERSION = YES;
				CLANG_WARN_COMMA = YES;
				CLANG_WARN_CONSTANT_CONVERSION = YES;
				CLANG_WARN_DEPRECATED_OBJC_IMPLEMENTATIONS = YES;
				CLANG_WARN_DIRECT_OBJC_ISA_USAGE = YES_ERROR;
				CLANG_WARN_DOCUMENTATION_COMMENTS = YES;
				CLANG_WARN_EMPTY_BODY = YES;
				CLANG_WARN_ENUM_CONVERSION = YES;
				CLANG_WARN_INFINITE_RECURSION = YES;
				CLANG_WARN_INT_CONVERSION = YES;
				CLANG_WARN_NON_LITERAL_NULL_CONVERSION = YES;
				CLANG_WARN_OBJC_IMPLICIT_RETAIN_SELF = YES;
				CLANG_WARN_OBJC_LITERAL_CONVERSION = YES;
				CLANG_WARN_OBJC_ROOT_CLASS = YES_ERROR;
				CLANG_WARN_QUOTED_INCLUDE_IN_FRAMEWORK_HEADER = YES;
				CLANG_WARN_RANGE_LOOP_ANALYSIS = YES;
				CLANG_WARN_STRICT_PROTOTYPES = YES;
				CLANG_WARN_SUSPICIOUS_MOVE = YES;
				CLANG_WARN_UNGUARDED_AVAILABILITY = YES_AGGRESSIVE;
				CLANG_WARN_UNREACHABLE_CODE = YES;
				CLANG_WARN__DUPLICATE_METHOD_MATCH = YES;
				COPY_PHASE_STRIP = NO;
				DEBUG_INFORMATION_FORMAT = "dwarf-with-dsym";
				ENABLE_NS_ASSERTIONS = NO;
				ENABLE_STRICT_OBJC_MSGSEND = YES;
				ENABLE_USER_SCRIPT_SANDBOXING = YES;
				GCC_C_LANGUAGE_STANDARD = gnu11;
				GCC_NO_COMMON_BLOCKS = YES;
				GCC_WARN_64_TO_32_BIT_CONVERSION = YES;
				GCC_WARN_ABOUT_RETURN_TYPE = YES_ERROR;
				GCC_WARN_UNDECLARED_SELECTOR = YES;
				GCC_WARN_UNINITIALIZED_AUTOS = YES_AGGRESSIVE;
				GCC_WARN_UNUSED_FUNCTION = YES;
				GCC_WARN_UNUSED_VARIABLE = YES;
				IPHONEOS_DEPLOYMENT_TARGET = 17.2;
				MTL_ENABLE_DEBUG_INFO = NO;
				MTL_FAST_MATH = YES;
				SDKROOT = iphoneos;
				SWIFT_COMPILATION_MODE = wholemodule;
				SWIFT_OPTIMIZATION_LEVEL = "-O";
				VALIDATE_PRODUCT = YES;
			};
			name = Release;
		};
		BFD94606244DC5EC0012785A /* Debug */ = {
			isa = XCBuildConfiguration;
			buildSettings = {
				ASSETCATALOG_COMPILER_APPICON_NAME = AppIcon;
				CODE_SIGN_STYLE = Automatic;
				DEVELOPMENT_TEAM = "";
				INFOPLIST_FILE = iOSEngineerCodeCheck/Info.plist;
				INFOPLIST_KEY_CFBundleDisplayName = RepoSearch;
				INFOPLIST_KEY_LSApplicationCategoryType = "public.app-category.utilities";
				IPHONEOS_DEPLOYMENT_TARGET = 17.2;
				LD_RUNPATH_SEARCH_PATHS = (
					"$(inherited)",
					"@executable_path/Frameworks",
				);
				PRODUCT_BUNDLE_IDENTIFIER = jp.yumemi.iOSEngineerCodeCheck;
				PRODUCT_NAME = "$(TARGET_NAME)";
				SWIFT_VERSION = 5.0;
				TARGETED_DEVICE_FAMILY = "1,2";
			};
			name = Debug;
		};
		BFD94607244DC5EC0012785A /* Release */ = {
			isa = XCBuildConfiguration;
			buildSettings = {
				ASSETCATALOG_COMPILER_APPICON_NAME = AppIcon;
				CODE_SIGN_STYLE = Automatic;
				DEVELOPMENT_TEAM = "";
				INFOPLIST_FILE = iOSEngineerCodeCheck/Info.plist;
				INFOPLIST_KEY_CFBundleDisplayName = RepoSearch;
				INFOPLIST_KEY_LSApplicationCategoryType = "public.app-category.utilities";
				IPHONEOS_DEPLOYMENT_TARGET = 17.2;
				LD_RUNPATH_SEARCH_PATHS = (
					"$(inherited)",
					"@executable_path/Frameworks",
				);
				PRODUCT_BUNDLE_IDENTIFIER = jp.yumemi.iOSEngineerCodeCheck;
				PRODUCT_NAME = "$(TARGET_NAME)";
				SWIFT_VERSION = 5.0;
				TARGETED_DEVICE_FAMILY = "1,2";
			};
			name = Release;
		};
		BFD94609244DC5EC0012785A /* Debug */ = {
			isa = XCBuildConfiguration;
			buildSettings = {
				ALWAYS_EMBED_SWIFT_STANDARD_LIBRARIES = YES;
				BUNDLE_LOADER = "$(TEST_HOST)";
				CODE_SIGN_STYLE = Automatic;
				DEVELOPMENT_TEAM = S7G9J68NLX;
				INFOPLIST_FILE = iOSEngineerCodeCheckTests/Info.plist;
				LD_RUNPATH_SEARCH_PATHS = (
					"$(inherited)",
					"@executable_path/Frameworks",
					"@loader_path/Frameworks",
				);
				PRODUCT_BUNDLE_IDENTIFIER = jp.yumemi.iOSEngineerCodeCheckTests;
				PRODUCT_NAME = "$(TARGET_NAME)";
				SWIFT_VERSION = 5.0;
				TARGETED_DEVICE_FAMILY = "1,2";
				TEST_HOST = "$(BUILT_PRODUCTS_DIR)/iOSEngineerCodeCheck.app/iOSEngineerCodeCheck";
			};
			name = Debug;
		};
		BFD9460A244DC5EC0012785A /* Release */ = {
			isa = XCBuildConfiguration;
			buildSettings = {
				ALWAYS_EMBED_SWIFT_STANDARD_LIBRARIES = YES;
				BUNDLE_LOADER = "$(TEST_HOST)";
				CODE_SIGN_STYLE = Automatic;
				DEVELOPMENT_TEAM = S7G9J68NLX;
				INFOPLIST_FILE = iOSEngineerCodeCheckTests/Info.plist;
				LD_RUNPATH_SEARCH_PATHS = (
					"$(inherited)",
					"@executable_path/Frameworks",
					"@loader_path/Frameworks",
				);
				PRODUCT_BUNDLE_IDENTIFIER = jp.yumemi.iOSEngineerCodeCheckTests;
				PRODUCT_NAME = "$(TARGET_NAME)";
				SWIFT_VERSION = 5.0;
				TARGETED_DEVICE_FAMILY = "1,2";
				TEST_HOST = "$(BUILT_PRODUCTS_DIR)/iOSEngineerCodeCheck.app/iOSEngineerCodeCheck";
			};
			name = Release;
		};
		BFD9460C244DC5EC0012785A /* Debug */ = {
			isa = XCBuildConfiguration;
			buildSettings = {
				ALWAYS_EMBED_SWIFT_STANDARD_LIBRARIES = YES;
				CODE_SIGN_STYLE = Automatic;
				DEVELOPMENT_TEAM = S7G9J68NLX;
				INFOPLIST_FILE = iOSEngineerCodeCheckUITests/Info.plist;
				LD_RUNPATH_SEARCH_PATHS = (
					"$(inherited)",
					"@executable_path/Frameworks",
					"@loader_path/Frameworks",
				);
				PRODUCT_BUNDLE_IDENTIFIER = jp.yumemi.iOSEngineerCodeCheckUITests;
				PRODUCT_NAME = "$(TARGET_NAME)";
				SWIFT_VERSION = 5.0;
				TARGETED_DEVICE_FAMILY = "1,2";
				TEST_TARGET_NAME = iOSEngineerCodeCheck;
			};
			name = Debug;
		};
		BFD9460D244DC5EC0012785A /* Release */ = {
			isa = XCBuildConfiguration;
			buildSettings = {
				ALWAYS_EMBED_SWIFT_STANDARD_LIBRARIES = YES;
				CODE_SIGN_STYLE = Automatic;
				DEVELOPMENT_TEAM = S7G9J68NLX;
				INFOPLIST_FILE = iOSEngineerCodeCheckUITests/Info.plist;
				LD_RUNPATH_SEARCH_PATHS = (
					"$(inherited)",
					"@executable_path/Frameworks",
					"@loader_path/Frameworks",
				);
				PRODUCT_BUNDLE_IDENTIFIER = jp.yumemi.iOSEngineerCodeCheckUITests;
				PRODUCT_NAME = "$(TARGET_NAME)";
				SWIFT_VERSION = 5.0;
				TARGETED_DEVICE_FAMILY = "1,2";
				TEST_TARGET_NAME = iOSEngineerCodeCheck;
			};
			name = Release;
		};
/* End XCBuildConfiguration section */

/* Begin XCConfigurationList section */
		BFD945D6244DC5E80012785A /* Build configuration list for PBXProject "iOSEngineerCodeCheck" */ = {
			isa = XCConfigurationList;
			buildConfigurations = (
				BFD94603244DC5EC0012785A /* Debug */,
				BFD94604244DC5EC0012785A /* Release */,
			);
			defaultConfigurationIsVisible = 0;
			defaultConfigurationName = Release;
		};
		BFD94605244DC5EC0012785A /* Build configuration list for PBXNativeTarget "iOSEngineerCodeCheck" */ = {
			isa = XCConfigurationList;
			buildConfigurations = (
				BFD94606244DC5EC0012785A /* Debug */,
				BFD94607244DC5EC0012785A /* Release */,
			);
			defaultConfigurationIsVisible = 0;
			defaultConfigurationName = Release;
		};
		BFD94608244DC5EC0012785A /* Build configuration list for PBXNativeTarget "iOSEngineerCodeCheckTests" */ = {
			isa = XCConfigurationList;
			buildConfigurations = (
				BFD94609244DC5EC0012785A /* Debug */,
				BFD9460A244DC5EC0012785A /* Release */,
			);
			defaultConfigurationIsVisible = 0;
			defaultConfigurationName = Release;
		};
		BFD9460B244DC5EC0012785A /* Build configuration list for PBXNativeTarget "iOSEngineerCodeCheckUITests" */ = {
			isa = XCConfigurationList;
			buildConfigurations = (
				BFD9460C244DC5EC0012785A /* Debug */,
				BFD9460D244DC5EC0012785A /* Release */,
			);
			defaultConfigurationIsVisible = 0;
			defaultConfigurationName = Release;
		};
/* End XCConfigurationList section */

/* Begin XCRemoteSwiftPackageReference section */
		A695B6292B37B6E10059B78D /* XCRemoteSwiftPackageReference "SwiftLint" */ = {
			isa = XCRemoteSwiftPackageReference;
			repositoryURL = "https://github.com/realm/SwiftLint";
			requirement = {
				kind = upToNextMajorVersion;
				minimumVersion = 0.54.0;
			};
		};
		A697651C2B37C674001B8136 /* XCRemoteSwiftPackageReference "Alamofire" */ = {
			isa = XCRemoteSwiftPackageReference;
			repositoryURL = "https://github.com/Alamofire/Alamofire?tab=readme-ov-file#installation";
			requirement = {
				kind = upToNextMajorVersion;
				minimumVersion = 5.8.1;
			};
		};
/* End XCRemoteSwiftPackageReference section */

/* Begin XCSwiftPackageProductDependency section */
		A695B62A2B37B7930059B78D /* SwiftLintPlugin */ = {
			isa = XCSwiftPackageProductDependency;
			package = A695B6292B37B6E10059B78D /* XCRemoteSwiftPackageReference "SwiftLint" */;
			productName = "plugin:SwiftLintPlugin";
		};
		A697651D2B37C674001B8136 /* Alamofire */ = {
			isa = XCSwiftPackageProductDependency;
			package = A697651C2B37C674001B8136 /* XCRemoteSwiftPackageReference "Alamofire" */;
			productName = Alamofire;
		};
/* End XCSwiftPackageProductDependency section */
	};
	rootObject = BFD945D3244DC5E80012785A /* Project object */;
}
